
Microsoft Visual Studio Solution File, Format Version 12.00
# Visual Studio Version 17
VisualStudioVersion = 17.7.34221.43
MinimumVisualStudioVersion = 10.0.40219.1
Project("{FAE04EC0-301F-11D3-BF4B-00C04F79EFBC}") = "FirstBaseTask", "FirstBaseTask\FirstBaseTask.csproj", "{3D9F13EB-AC4D-47D4-963F-66045247CCE3}"
EndProject
Project("{FAE04EC0-301F-11D3-BF4B-00C04F79EFBC}") = "SecondBaseTask", "SecondBaseTask\SecondBaseTask.csproj", "{EE04F37D-B002-43C8-965A-4236F7F30BC9}"
EndProject
Project("{FAE04EC0-301F-11D3-BF4B-00C04F79EFBC}") = "FourthBaseTask", "FourthBaseTask\FourthBaseTask.csproj", "{95BFF869-A77E-4C76-8025-C9DF23EF9209}"
EndProject
Project("{FAE04EC0-301F-11D3-BF4B-00C04F79EFBC}") = "SimpleCalculatorLabs", "SimpleCalculatorLabs\SimpleCalculatorLabs.csproj", "{15AFA976-71C2-412C-9127-BFF7E170E3A6}"
EndProject
Project("{FAE04EC0-301F-11D3-BF4B-00C04F79EFBC}") = "RPNCalculatorLabs", "RPNCalculatorLabs\RPNCalculatorLabs.csproj", "{4498E33E-12CB-42D3-A834-BE585F671DB6}"
EndProject
Global
	GlobalSection(SolutionConfigurationPlatforms) = preSolution
		Debug|Any CPU = Debug|Any CPU
		Release|Any CPU = Release|Any CPU
	EndGlobalSection
	GlobalSection(ProjectConfigurationPlatforms) = postSolution
		{3D9F13EB-AC4D-47D4-963F-66045247CCE3}.Debug|Any CPU.ActiveCfg = Debug|Any CPU
		{3D9F13EB-AC4D-47D4-963F-66045247CCE3}.Debug|Any CPU.Build.0 = Debug|Any CPU
		{3D9F13EB-AC4D-47D4-963F-66045247CCE3}.Release|Any CPU.ActiveCfg = Release|Any CPU
		{3D9F13EB-AC4D-47D4-963F-66045247CCE3}.Release|Any CPU.Build.0 = Release|Any CPU
		{EE04F37D-B002-43C8-965A-4236F7F30BC9}.Debug|Any CPU.ActiveCfg = Debug|Any CPU
		{EE04F37D-B002-43C8-965A-4236F7F30BC9}.Debug|Any CPU.Build.0 = Debug|Any CPU
		{EE04F37D-B002-43C8-965A-4236F7F30BC9}.Release|Any CPU.ActiveCfg = Release|Any CPU
		{EE04F37D-B002-43C8-965A-4236F7F30BC9}.Release|Any CPU.Build.0 = Release|Any CPU
		{95BFF869-A77E-4C76-8025-C9DF23EF9209}.Debug|Any CPU.ActiveCfg = Debug|Any CPU
		{95BFF869-A77E-4C76-8025-C9DF23EF9209}.Debug|Any CPU.Build.0 = Debug|Any CPU
		{95BFF869-A77E-4C76-8025-C9DF23EF9209}.Release|Any CPU.ActiveCfg = Release|Any CPU
		{95BFF869-A77E-4C76-8025-C9DF23EF9209}.Release|Any CPU.Build.0 = Release|Any CPU
		{15AFA976-71C2-412C-9127-BFF7E170E3A6}.Debug|Any CPU.ActiveCfg = Debug|Any CPU
		{15AFA976-71C2-412C-9127-BFF7E170E3A6}.Debug|Any CPU.Build.0 = Debug|Any CPU
		{15AFA976-71C2-412C-9127-BFF7E170E3A6}.Release|Any CPU.ActiveCfg = Release|Any CPU
		{15AFA976-71C2-412C-9127-BFF7E170E3A6}.Release|Any CPU.Build.0 = Release|Any CPU
		{4498E33E-12CB-42D3-A834-BE585F671DB6}.Debug|Any CPU.ActiveCfg = Debug|Any CPU
		{4498E33E-12CB-42D3-A834-BE585F671DB6}.Debug|Any CPU.Build.0 = Debug|Any CPU
		{4498E33E-12CB-42D3-A834-BE585F671DB6}.Release|Any CPU.ActiveCfg = Release|Any CPU
		{4498E33E-12CB-42D3-A834-BE585F671DB6}.Release|Any CPU.Build.0 = Release|Any CPU
	EndGlobalSection
	GlobalSection(SolutionProperties) = preSolution
		HideSolutionNode = FALSE
	EndGlobalSection
	GlobalSection(ExtensibilityGlobals) = postSolution
		SolutionGuid = {CDA2E349-6DA6-40C8-9ADD-08DB6FEF50D9}
	EndGlobalSection
EndGlobal
